
Microsoft Visual Studio Solution File, Format Version 12.00
# Visual Studio 15
VisualStudioVersion = 15.0.35714.111
MinimumVisualStudioVersion = 10.0.40219.1
Project("{FAE04EC0-301F-11D3-BF4B-00C04F79EFBC}") = "Hash", "Hash\Hash.csproj", "{509451A1-EB45-4CD8-B50C-CBF12B35A92B}"
EndProject
Global
	GlobalSection(SolutionConfigurationPlatforms) = preSolution
		Debug|Any CPU = Debug|Any CPU
		Release|Any CPU = Release|Any CPU
	EndGlobalSection
	GlobalSection(ProjectConfigurationPlatforms) = postSolution
		{509451A1-EB45-4CD8-B50C-CBF12B35A92B}.Debug|Any CPU.ActiveCfg = Debug|Any CPU
		{509451A1-EB45-4CD8-B50C-CBF12B35A92B}.Debug|Any CPU.Build.0 = Debug|Any CPU
		{509451A1-EB45-4CD8-B50C-CBF12B35A92B}.Release|Any CPU.ActiveCfg = Release|Any CPU
		{509451A1-EB45-4CD8-B50C-CBF12B35A92B}.Release|Any CPU.Build.0 = Release|Any CPU
	EndGlobalSection
	GlobalSection(SolutionProperties) = preSolution
		HideSolutionNode = FALSE
	EndGlobalSection
	GlobalSection(ExtensibilityGlobals) = postSolution
		SolutionGuid = {ECA4836F-AE40-4F2D-BFEF-CDAEEC76E954}
	EndGlobalSection
EndGlobal
